
Microsoft Visual Studio Solution File, Format Version 12.00
# Visual Studio Version 16
VisualStudioVersion = 16.0.33328.57
MinimumVisualStudioVersion = 10.0.40219.1
Project("{E24C65DC-7377-472B-9ABA-BC803B73C61A}") = "test_vs", ".", "{6BA54BFA-87C3-4689-8389-32E4687900B1}"
	ProjectSection(WebsiteProperties) = preProject
		TargetFrameworkMoniker = ".NETFramework,Version%3Dv4.7.2"
		Debug.AspNetCompiler.VirtualPath = "/localhost_24854"
		Debug.AspNetCompiler.PhysicalPath = "..\test_vs\"
		Debug.AspNetCompiler.TargetPath = "PrecompiledWeb\localhost_24854\"
		Debug.AspNetCompiler.Updateable = "true"
		Debug.AspNetCompiler.ForceOverwrite = "true"
		Debug.AspNetCompiler.FixedNames = "false"
		Debug.AspNetCompiler.Debug = "True"
		Release.AspNetCompiler.VirtualPath = "/localhost_24854"
		Release.AspNetCompiler.PhysicalPath = "..\test_vs\"
		Release.AspNetCompiler.TargetPath = "PrecompiledWeb\localhost_24854\"
		Release.AspNetCompiler.Updateable = "true"
		Release.AspNetCompiler.ForceOverwrite = "true"
		Release.AspNetCompiler.FixedNames = "false"
		Release.AspNetCompiler.Debug = "False"
		VWDPort = "24854"
		SlnRelativePath = "..\test_vs\"
		DefaultWebSiteLanguage = "Visual C#"
	EndProjectSection
EndProject
Global
	GlobalSection(SolutionConfigurationPlatforms) = preSolution
		Debug|Any CPU = Debug|Any CPU
	EndGlobalSection
	GlobalSection(ProjectConfigurationPlatforms) = postSolution
		{6BA54BFA-87C3-4689-8389-32E4687900B1}.Debug|Any CPU.ActiveCfg = Debug|Any CPU
		{6BA54BFA-87C3-4689-8389-32E4687900B1}.Debug|Any CPU.Build.0 = Debug|Any CPU
	EndGlobalSection
	GlobalSection(SolutionProperties) = preSolution
		HideSolutionNode = FALSE
	EndGlobalSection
	GlobalSection(ExtensibilityGlobals) = postSolution
		SolutionGuid = {72398963-9D37-417A-B0E7-136A30F959FB}
	EndGlobalSection
EndGlobal
